
Microsoft Visual Studio Solution File, Format Version 12.00
# Visual Studio Version 17
VisualStudioVersion = 17.1.32328.378
MinimumVisualStudioVersion = 10.0.40219.1
Project("{2150E333-8FDC-42A3-9474-1A3956D46DE8}") = "src", "src", "{0E29EF06-EF45-4895-9F15-2C7032A97192}"
EndProject
Project("{2150E333-8FDC-42A3-9474-1A3956D46DE8}") = "test", "test", "{F5EA494C-25D2-4454-8DFC-0F6196668792}"
EndProject
Project("{2150E333-8FDC-42A3-9474-1A3956D46DE8}") = "UI", "UI", "{94F1BFB9-ADD0-4BA0-A89E-FE06EE8EDC3E}"
EndProject
Project("{9A19103F-16F7-4668-BE54-9A1E7A4F7556}") = "HR.LeaveManagement.Application.UnitTests", "HR.LeaveManagement.Application.UnitTests\HR.LeaveManagement.Application.UnitTests.csproj", "{800157F6-D9EA-4C03-826A-F59F268190AE}"
EndProject
Project("{9A19103F-16F7-4668-BE54-9A1E7A4F7556}") = "HR.LeaveManagement.MVC", "HR.LeaveManagement.MVC\HR.LeaveManagement.MVC.csproj", "{3DCB54F5-079B-420C-B7D3-41E001CEE369}"
EndProject
Global
	GlobalSection(SolutionConfigurationPlatforms) = preSolution
		Debug|Any CPU = Debug|Any CPU
		Release|Any CPU = Release|Any CPU
	EndGlobalSection
	GlobalSection(ProjectConfigurationPlatforms) = postSolution
		{800157F6-D9EA-4C03-826A-F59F268190AE}.Debug|Any CPU.ActiveCfg = Debug|Any CPU
		{800157F6-D9EA-4C03-826A-F59F268190AE}.Debug|Any CPU.Build.0 = Debug|Any CPU
		{800157F6-D9EA-4C03-826A-F59F268190AE}.Release|Any CPU.ActiveCfg = Release|Any CPU
		{800157F6-D9EA-4C03-826A-F59F268190AE}.Release|Any CPU.Build.0 = Release|Any CPU
		{3DCB54F5-079B-420C-B7D3-41E001CEE369}.Debug|Any CPU.ActiveCfg = Debug|Any CPU
		{3DCB54F5-079B-420C-B7D3-41E001CEE369}.Debug|Any CPU.Build.0 = Debug|Any CPU
		{3DCB54F5-079B-420C-B7D3-41E001CEE369}.Release|Any CPU.ActiveCfg = Release|Any CPU
		{3DCB54F5-079B-420C-B7D3-41E001CEE369}.Release|Any CPU.Build.0 = Release|Any CPU
	EndGlobalSection
	GlobalSection(SolutionProperties) = preSolution
		HideSolutionNode = FALSE
	EndGlobalSection
	GlobalSection(NestedProjects) = preSolution
		{94F1BFB9-ADD0-4BA0-A89E-FE06EE8EDC3E} = {0E29EF06-EF45-4895-9F15-2C7032A97192}
		{800157F6-D9EA-4C03-826A-F59F268190AE} = {F5EA494C-25D2-4454-8DFC-0F6196668792}
		{3DCB54F5-079B-420C-B7D3-41E001CEE369} = {94F1BFB9-ADD0-4BA0-A89E-FE06EE8EDC3E}
	EndGlobalSection
	GlobalSection(ExtensibilityGlobals) = postSolution
		SolutionGuid = {DC7C198A-BED7-48E8-87B5-908D91096CB8}
	EndGlobalSection
EndGlobal
